
Microsoft Visual Studio Solution File, Format Version 12.00
# Visual Studio 15
VisualStudioVersion = 15.0.27130.2027
MinimumVisualStudioVersion = 10.0.40219.1
Project("{FAE04EC0-301F-11D3-BF4B-00C04F79EFBC}") = "ContractManagementSystem.MVC", "ContractManagementSystem.MVC\ContractManagementSystem.MVC.csproj", "{F9143F25-1191-4FB4-8A35-592AB1A744F6}"
EndProject
Global
	GlobalSection(SolutionConfigurationPlatforms) = preSolution
		Debug|Any CPU = Debug|Any CPU
		Release|Any CPU = Release|Any CPU
	EndGlobalSection
	GlobalSection(ProjectConfigurationPlatforms) = postSolution
		{F9143F25-1191-4FB4-8A35-592AB1A744F6}.Debug|Any CPU.ActiveCfg = Debug|Any CPU
		{F9143F25-1191-4FB4-8A35-592AB1A744F6}.Debug|Any CPU.Build.0 = Debug|Any CPU
		{F9143F25-1191-4FB4-8A35-592AB1A744F6}.Release|Any CPU.ActiveCfg = Release|Any CPU
		{F9143F25-1191-4FB4-8A35-592AB1A744F6}.Release|Any CPU.Build.0 = Release|Any CPU
	EndGlobalSection
	GlobalSection(SolutionProperties) = preSolution
		HideSolutionNode = FALSE
	EndGlobalSection
	GlobalSection(ExtensibilityGlobals) = postSolution
		SolutionGuid = {788946FD-2CD4-4D01-8F86-AAC25A020CE0}
	EndGlobalSection
EndGlobal
