
Microsoft Visual Studio Solution File, Format Version 12.00
# Visual Studio 15
VisualStudioVersion = 15.0.27130.2027
MinimumVisualStudioVersion = 10.0.40219.1
Project("{FAE04EC0-301F-11D3-BF4B-00C04F79EFBC}") = "ContractManagementSystem.MVC", "ContractManagementSystem.MVC\ContractManagementSystem.MVC.csproj", "{F9143F25-1191-4FB4-8A35-592AB1A744F6}"
EndProject
Project("{FAE04EC0-301F-11D3-BF4B-00C04F79EFBC}") = "ContractManagementSystem.Data", "ContractManagementSystem.Data\ContractManagementSystem.Data.csproj", "{4E6C872F-C26F-4320-9645-C85E9B0BE9E9}"
EndProject
Project("{FAE04EC0-301F-11D3-BF4B-00C04F79EFBC}") = "ContractManagementSystem.BusinessLogic", "ContractManagementSystem.BusinessLogic\ContractManagementSystem.BusinessLogic.csproj", "{A4DCA23B-2C8C-4350-887B-A0A9FC38822E}"
EndProject
Project("{FAE04EC0-301F-11D3-BF4B-00C04F79EFBC}") = "ContractManagementSystem.Test", "ContractManagementSystem.Test\ContractManagementSystem.Test.csproj", "{C8B5827A-520D-411D-809C-C8728F38E202}"
EndProject
Project("{FAE04EC0-301F-11D3-BF4B-00C04F79EFBC}") = "ContractManagementSystem.Repository", "ContractManagementSystem.Repository\ContractManagementSystem.Repository.csproj", "{EF422FCC-AD3A-457E-AD9B-4143263D36AD}"
EndProject
Global
	GlobalSection(SolutionConfigurationPlatforms) = preSolution
		Debug|Any CPU = Debug|Any CPU
		Release|Any CPU = Release|Any CPU
	EndGlobalSection
	GlobalSection(ProjectConfigurationPlatforms) = postSolution
		{F9143F25-1191-4FB4-8A35-592AB1A744F6}.Debug|Any CPU.ActiveCfg = Debug|Any CPU
		{F9143F25-1191-4FB4-8A35-592AB1A744F6}.Debug|Any CPU.Build.0 = Debug|Any CPU
		{F9143F25-1191-4FB4-8A35-592AB1A744F6}.Release|Any CPU.ActiveCfg = Release|Any CPU
		{F9143F25-1191-4FB4-8A35-592AB1A744F6}.Release|Any CPU.Build.0 = Release|Any CPU
		{4E6C872F-C26F-4320-9645-C85E9B0BE9E9}.Debug|Any CPU.ActiveCfg = Debug|Any CPU
		{4E6C872F-C26F-4320-9645-C85E9B0BE9E9}.Debug|Any CPU.Build.0 = Debug|Any CPU
		{4E6C872F-C26F-4320-9645-C85E9B0BE9E9}.Release|Any CPU.ActiveCfg = Release|Any CPU
		{4E6C872F-C26F-4320-9645-C85E9B0BE9E9}.Release|Any CPU.Build.0 = Release|Any CPU
		{A4DCA23B-2C8C-4350-887B-A0A9FC38822E}.Debug|Any CPU.ActiveCfg = Debug|Any CPU
		{A4DCA23B-2C8C-4350-887B-A0A9FC38822E}.Debug|Any CPU.Build.0 = Debug|Any CPU
		{A4DCA23B-2C8C-4350-887B-A0A9FC38822E}.Release|Any CPU.ActiveCfg = Release|Any CPU
		{A4DCA23B-2C8C-4350-887B-A0A9FC38822E}.Release|Any CPU.Build.0 = Release|Any CPU
		{C8B5827A-520D-411D-809C-C8728F38E202}.Debug|Any CPU.ActiveCfg = Debug|Any CPU
		{C8B5827A-520D-411D-809C-C8728F38E202}.Debug|Any CPU.Build.0 = Debug|Any CPU
		{C8B5827A-520D-411D-809C-C8728F38E202}.Release|Any CPU.ActiveCfg = Release|Any CPU
		{C8B5827A-520D-411D-809C-C8728F38E202}.Release|Any CPU.Build.0 = Release|Any CPU
		{EF422FCC-AD3A-457E-AD9B-4143263D36AD}.Debug|Any CPU.ActiveCfg = Debug|Any CPU
		{EF422FCC-AD3A-457E-AD9B-4143263D36AD}.Debug|Any CPU.Build.0 = Debug|Any CPU
		{EF422FCC-AD3A-457E-AD9B-4143263D36AD}.Release|Any CPU.ActiveCfg = Release|Any CPU
		{EF422FCC-AD3A-457E-AD9B-4143263D36AD}.Release|Any CPU.Build.0 = Release|Any CPU
	EndGlobalSection
	GlobalSection(SolutionProperties) = preSolution
		HideSolutionNode = FALSE
	EndGlobalSection
	GlobalSection(ExtensibilityGlobals) = postSolution
		SolutionGuid = {788946FD-2CD4-4D01-8F86-AAC25A020CE0}
	EndGlobalSection
EndGlobal
